// !$*UTF8*$!
{
	archiveVersion = 1;
	classes = {
	};
	objectVersion = 46;
	objects = {

/* Begin PBXBuildFile section */
		F10B5DDB1D9BC8B300DDC40B /* main.m in Sources */ = {isa = PBXBuildFile; fileRef = F10B5DDA1D9BC8B300DDC40B /* main.m */; };
		F10B5DDE1D9BC8B300DDC40B /* AppDelegate.m in Sources */ = {isa = PBXBuildFile; fileRef = F10B5DDD1D9BC8B300DDC40B /* AppDelegate.m */; };
		F10B5DE11D9BC8B300DDC40B /* ViewController.m in Sources */ = {isa = PBXBuildFile; fileRef = F10B5DE01D9BC8B300DDC40B /* ViewController.m */; };
		F10B5DE41D9BC8B300DDC40B /* Main.storyboard in Resources */ = {isa = PBXBuildFile; fileRef = F10B5DE21D9BC8B300DDC40B /* Main.storyboard */; };
		F10B5DE71D9BC8B300DDC40B /* bigdata.xcdatamodeld in Sources */ = {isa = PBXBuildFile; fileRef = F10B5DE51D9BC8B300DDC40B /* bigdata.xcdatamodeld */; };
		F10B5DE91D9BC8B300DDC40B /* Assets.xcassets in Resources */ = {isa = PBXBuildFile; fileRef = F10B5DE81D9BC8B300DDC40B /* Assets.xcassets */; };
		F10B5DEC1D9BC8B300DDC40B /* LaunchScreen.storyboard in Resources */ = {isa = PBXBuildFile; fileRef = F10B5DEA1D9BC8B300DDC40B /* LaunchScreen.storyboard */; };
		F10B5DF51D9BCD2700DDC40B /* AddProjectViewcontroller.m in Sources */ = {isa = PBXBuildFile; fileRef = F10B5DF41D9BCD2700DDC40B /* AddProjectViewcontroller.m */; };
		F1DD42511D9D178100CC8E5A /* customCell.m in Sources */ = {isa = PBXBuildFile; fileRef = F1DD42501D9D178100CC8E5A /* customCell.m */; };
/* End PBXBuildFile section */

/* Begin PBXFileReference section */
		F10B5DD61D9BC8B300DDC40B /* bigdata.app */ = {isa = PBXFileReference; explicitFileType = wrapper.application; includeInIndex = 0; path = bigdata.app; sourceTree = BUILT_PRODUCTS_DIR; };
		F10B5DDA1D9BC8B300DDC40B /* main.m */ = {isa = PBXFileReference; lastKnownFileType = sourcecode.c.objc; path = main.m; sourceTree = "<group>"; };
		F10B5DDC1D9BC8B300DDC40B /* AppDelegate.h */ = {isa = PBXFileReference; lastKnownFileType = sourcecode.c.h; path = AppDelegate.h; sourceTree = "<group>"; };
		F10B5DDD1D9BC8B300DDC40B /* AppDelegate.m */ = {isa = PBXFileReference; lastKnownFileType = sourcecode.c.objc; path = AppDelegate.m; sourceTree = "<group>"; };
		F10B5DDF1D9BC8B300DDC40B /* ViewController.h */ = {isa = PBXFileReference; lastKnownFileType = sourcecode.c.h; path = ViewController.h; sourceTree = "<group>"; };
		F10B5DE01D9BC8B300DDC40B /* ViewController.m */ = {isa = PBXFileReference; lastKnownFileType = sourcecode.c.objc; path = ViewController.m; sourceTree = "<group>"; };
		F10B5DE31D9BC8B300DDC40B /* Base */ = {isa = PBXFileReference; lastKnownFileType = file.storyboard; name = Base; path = Base.lproj/Main.storyboard; sourceTree = "<group>"; };
		F10B5DE61D9BC8B300DDC40B /* bigdata.xcdatamodel */ = {isa = PBXFileReference; lastKnownFileType = wrapper.xcdatamodel; path = bigdata.xcdatamodel; sourceTree = "<group>"; };
		F10B5DE81D9BC8B300DDC40B /* Assets.xcassets */ = {isa = PBXFileReference; lastKnownFileType = folder.assetcatalog; path = Assets.xcassets; sourceTree = "<group>"; };
		F10B5DEB1D9BC8B300DDC40B /* Base */ = {isa = PBXFileReference; lastKnownFileType = file.storyboard; name = Base; path = Base.lproj/LaunchScreen.storyboard; sourceTree = "<group>"; };
		F10B5DED1D9BC8B300DDC40B /* Info.plist */ = {isa = PBXFileReference; lastKnownFileType = text.plist.xml; path = Info.plist; sourceTree = "<group>"; };
		F10B5DF31D9BCD2700DDC40B /* AddProjectViewcontroller.h */ = {isa = PBXFileReference; fileEncoding = 4; lastKnownFileType = sourcecode.c.h; path = AddProjectViewcontroller.h; sourceTree = "<group>"; };
		F10B5DF41D9BCD2700DDC40B /* AddProjectViewcontroller.m */ = {isa = PBXFileReference; fileEncoding = 4; lastKnownFileType = sourcecode.c.objc; path = AddProjectViewcontroller.m; sourceTree = "<group>"; };
		F1DD424F1D9D178100CC8E5A /* customCell.h */ = {isa = PBXFileReference; fileEncoding = 4; lastKnownFileType = sourcecode.c.h; path = customCell.h; sourceTree = "<group>"; };
		F1DD42501D9D178100CC8E5A /* customCell.m */ = {isa = PBXFileReference; fileEncoding = 4; lastKnownFileType = sourcecode.c.objc; path = customCell.m; sourceTree = "<group>"; };
/* End PBXFileReference section */

/* Begin PBXFrameworksBuildPhase section */
		F10B5DD31D9BC8B300DDC40B /* Frameworks */ = {
			isa = PBXFrameworksBuildPhase;
			buildActionMask = 2147483647;
			files = (
			);
			runOnlyForDeploymentPostprocessing = 0;
		};
/* End PBXFrameworksBuildPhase section */

/* Begin PBXGroup section */
		F10B5DCD1D9BC8B200DDC40B = {
			isa = PBXGroup;
			children = (
				F10B5DD81D9BC8B300DDC40B /* bigdata */,
				F10B5DD71D9BC8B300DDC40B /* Products */,
			);
			sourceTree = "<group>";
		};
		F10B5DD71D9BC8B300DDC40B /* Products */ = {
			isa = PBXGroup;
			children = (
				F10B5DD61D9BC8B300DDC40B /* bigdata.app */,
			);
			name = Products;
			sourceTree = "<group>";
		};
		F10B5DD81D9BC8B300DDC40B /* bigdata */ = {
			isa = PBXGroup;
			children = (
				F10B5DDC1D9BC8B300DDC40B /* AppDelegate.h */,
				F10B5DDD1D9BC8B300DDC40B /* AppDelegate.m */,
				F10B5DDF1D9BC8B300DDC40B /* ViewController.h */,
				F10B5DE01D9BC8B300DDC40B /* ViewController.m */,
				F1DD424F1D9D178100CC8E5A /* customCell.h */,
				F1DD42501D9D178100CC8E5A /* customCell.m */,
				F10B5DF31D9BCD2700DDC40B /* AddProjectViewcontroller.h */,
				F10B5DF41D9BCD2700DDC40B /* AddProjectViewcontroller.m */,
				F10B5DE21D9BC8B300DDC40B /* Main.storyboard */,
				F10B5DE81D9BC8B300DDC40B /* Assets.xcassets */,
				F10B5DEA1D9BC8B300DDC40B /* LaunchScreen.storyboard */,
				F10B5DED1D9BC8B300DDC40B /* Info.plist */,
				F10B5DE51D9BC8B300DDC40B /* bigdata.xcdatamodeld */,
				F10B5DD91D9BC8B300DDC40B /* Supporting Files */,
			);
			path = bigdata;
			sourceTree = "<group>";
		};
		F10B5DD91D9BC8B300DDC40B /* Supporting Files */ = {
			isa = PBXGroup;
			children = (
				F10B5DDA1D9BC8B300DDC40B /* main.m */,
			);
			name = "Supporting Files";
			sourceTree = "<group>";
		};
/* End PBXGroup section */

/* Begin PBXNativeTarget section */
		F10B5DD51D9BC8B300DDC40B /* bigdata */ = {
			isa = PBXNativeTarget;
			buildConfigurationList = F10B5DF01D9BC8B300DDC40B /* Build configuration list for PBXNativeTarget "bigdata" */;
			buildPhases = (
				F10B5DD21D9BC8B300DDC40B /* Sources */,
				F10B5DD31D9BC8B300DDC40B /* Frameworks */,
				F10B5DD41D9BC8B300DDC40B /* Resources */,
			);
			buildRules = (
			);
			dependencies = (
			);
			name = bigdata;
			productName = bigdata;
			productReference = F10B5DD61D9BC8B300DDC40B /* bigdata.app */;
			productType = "com.apple.product-type.application";
		};
/* End PBXNativeTarget section */

/* Begin PBXProject section */
		F10B5DCE1D9BC8B200DDC40B /* Project object */ = {
			isa = PBXProject;
			attributes = {
				LastUpgradeCheck = 0730;
				ORGANIZATIONNAME = "C N Soft Net";
				TargetAttributes = {
					F10B5DD51D9BC8B300DDC40B = {
						CreatedOnToolsVersion = 7.3.1;
						DevelopmentTeam = WX82MKMUM2;
					};
				};
			};
			buildConfigurationList = F10B5DD11D9BC8B200DDC40B /* Build configuration list for PBXProject "bigdata" */;
			compatibilityVersion = "Xcode 3.2";
			developmentRegion = English;
			hasScannedForEncodings = 0;
			knownRegions = (
				en,
				Base,
			);
			mainGroup = F10B5DCD1D9BC8B200DDC40B;
			productRefGroup = F10B5DD71D9BC8B300DDC40B /* Products */;
			projectDirPath = "";
			projectRoot = "";
			targets = (
				F10B5DD51D9BC8B300DDC40B /* bigdata */,
			);
		};
/* End PBXProject section */

/* Begin PBXResourcesBuildPhase section */
		F10B5DD41D9BC8B300DDC40B /* Resources */ = {
			isa = PBXResourcesBuildPhase;
			buildActionMask = 2147483647;
			files = (
				F10B5DEC1D9BC8B300DDC40B /* LaunchScreen.storyboard in Resources */,
				F10B5DE91D9BC8B300DDC40B /* Assets.xcassets in Resources */,
				F10B5DE41D9BC8B300DDC40B /* Main.storyboard in Resources */,
			);
			runOnlyForDeploymentPostprocessing = 0;
		};
/* End PBXResourcesBuildPhase section */

/* Begin PBXSourcesBuildPhase section */
		F10B5DD21D9BC8B300DDC40B /* Sources */ = {
			isa = PBXSourcesBuildPhase;
			buildActionMask = 2147483647;
			files = (
				F1DD42511D9D178100CC8E5A /* customCell.m in Sources */,
				F10B5DF51D9BCD2700DDC40B /* AddProjectViewcontroller.m in Sources */,
				F10B5DE71D9BC8B300DDC40B /* bigdata.xcdatamodeld in Sources */,
				F10B5DE11D9BC8B300DDC40B /* ViewController.m in Sources */,
				F10B5DDE1D9BC8B300DDC40B /* AppDelegate.m in Sources */,
				F10B5DDB1D9BC8B300DDC40B /* main.m in Sources */,
			);
			runOnlyForDeploymentPostprocessing = 0;
		};
/* End PBXSourcesBuildPhase section */

/* Begin PBXVariantGroup section */
		F10B5DE21D9BC8B300DDC40B /* Main.storyboard */ = {
			isa = PBXVariantGroup;
			children = (
				F10B5DE31D9BC8B300DDC40B /* Base */,
			);
			name = Main.storyboard;
			sourceTree = "<group>";
		};
		F10B5DEA1D9BC8B300DDC40B /* LaunchScreen.storyboard */ = {
			isa = PBXVariantGroup;
			children = (
				F10B5DEB1D9BC8B300DDC40B /* Base */,
			);
			name = LaunchScreen.storyboard;
			sourceTree = "<group>";
		};
/* End PBXVariantGroup section */

/* Begin XCBuildConfiguration section */
		F10B5DEE1D9BC8B300DDC40B /* Debug */ = {
			isa = XCBuildConfiguration;
			buildSettings = {
				ALWAYS_SEARCH_USER_PATHS = NO;
				CLANG_ANALYZER_NONNULL = YES;
				CLANG_CXX_LANGUAGE_STANDARD = "gnu++0x";
				CLANG_CXX_LIBRARY = "libc++";
				CLANG_ENABLE_MODULES = YES;
				CLANG_ENABLE_OBJC_ARC = YES;
				CLANG_WARN_BOOL_CONVERSION = YES;
				CLANG_WARN_CONSTANT_CONVERSION = YES;
				CLANG_WARN_DIRECT_OBJC_ISA_USAGE = YES_ERROR;
				CLANG_WARN_EMPTY_BODY = YES;
				CLANG_WARN_ENUM_CONVERSION = YES;
				CLANG_WARN_INT_CONVERSION = YES;
				CLANG_WARN_OBJC_ROOT_CLASS = YES_ERROR;
				CLANG_WARN_UNREACHABLE_CODE = YES;
				CLANG_WARN__DUPLICATE_METHOD_MATCH = YES;
				"CODE_SIGN_IDENTITY[sdk=iphoneos*]" = "iPhone Developer";
				COPY_PHASE_STRIP = NO;
				DEBUG_INFORMATION_FORMAT = dwarf;
				ENABLE_STRICT_OBJC_MSGSEND = YES;
				ENABLE_TESTABILITY = YES;
				GCC_C_LANGUAGE_STANDARD = gnu99;
				GCC_DYNAMIC_NO_PIC = NO;
				GCC_NO_COMMON_BLOCKS = YES;
				GCC_OPTIMIZATION_LEVEL = 0;
				GCC_PREPROCESSOR_DEFINITIONS = (
					"DEBUG=1",
					"$(inherited)",
				);
				GCC_WARN_64_TO_32_BIT_CONVERSION = YES;
				GCC_WARN_ABOUT_RETURN_TYPE = YES_ERROR;
				GCC_WARN_UNDECLARED_SELECTOR = YES;
				GCC_WARN_UNINITIALIZED_AUTOS = YES_AGGRESSIVE;
				GCC_WARN_UNUSED_FUNCTION = YES;
				GCC_WARN_UNUSED_VARIABLE = YES;
				IPHONEOS_DEPLOYMENT_TARGET = 9.3;
				MTL_ENABLE_DEBUG_INFO = YES;
				ONLY_ACTIVE_ARCH = YES;
				SDKROOT = iphoneos;
				TARGETED_DEVICE_FAMILY = "1,2";
			};
			name = Debug;
		};
		F10B5DEF1D9BC8B300DDC40B /* Release */ = {
			isa = XCBuildConfiguration;
			buildSettings = {
				ALWAYS_SEARCH_USER_PATHS = NO;
				CLANG_ANALYZER_NONNULL = YES;
				CLANG_CXX_LANGUAGE_STANDARD = "gnu++0x";
				CLANG_CXX_LIBRARY = "libc++";
				CLANG_ENABLE_MODULES = YES;
				CLANG_ENABLE_OBJC_ARC = YES;
				CLANG_WARN_BOOL_CONVERSION = YES;
				CLANG_WARN_CONSTANT_CONVERSION = YES;
				CLANG_WARN_DIRECT_OBJC_ISA_USAGE = YES_ERROR;
				CLANG_WARN_EMPTY_BODY = YES;
				CLANG_WARN_ENUM_CONVERSION = YES;
				CLANG_WARN_INT_CONVERSION = YES;
				CLANG_WARN_OBJC_ROOT_CLASS = YES_ERROR;
				CLANG_WARN_UNREACHABLE_CODE = YES;
				CLANG_WARN__DUPLICATE_METHOD_MATCH = YES;
				"CODE_SIGN_IDENTITY[sdk=iphoneos*]" = "iPhone Developer";
				COPY_PHASE_STRIP = NO;
				DEBUG_INFORMATION_FORMAT = "dwarf-with-dsym";
				ENABLE_NS_ASSERTIONS = NO;
				ENABLE_STRICT_OBJC_MSGSEND = YES;
				GCC_C_LANGUAGE_STANDARD = gnu99;
				GCC_NO_COMMON_BLOCKS = YES;
				GCC_WARN_64_TO_32_BIT_CONVERSION = YES;
				GCC_WARN_ABOUT_RETURN_TYPE = YES_ERROR;
				GCC_WARN_UNDECLARED_SELECTOR = YES;
				GCC_WARN_UNINITIALIZED_AUTOS = YES_AGGRESSIVE;
				GCC_WARN_UNUSED_FUNCTION = YES;
				GCC_WARN_UNUSED_VARIABLE = YES;
				IPHONEOS_DEPLOYMENT_TARGET = 9.3;
				MTL_ENABLE_DEBUG_INFO = NO;
				SDKROOT = iphoneos;
				TARGETED_DEVICE_FAMILY = "1,2";
				VALIDATE_PRODUCT = YES;
			};
			name = Release;
		};
		F10B5DF11D9BC8B300DDC40B /* Debug */ = {
			isa = XCBuildConfiguration;
			buildSettings = {
				ASSETCATALOG_COMPILER_APPICON_NAME = AppIcon;
				INFOPLIST_FILE = bigdata/Info.plist;
				LD_RUNPATH_SEARCH_PATHS = "$(inherited) @executable_path/Frameworks";
				PRODUCT_BUNDLE_IDENTIFIER = com.cnsoftnet.try2.bigdata;
				PRODUCT_NAME = "$(TARGET_NAME)";
			};
			name = Debug;
		};
		F10B5DF21D9BC8B300DDC40B /* Release */ = {
			isa = XCBuildConfiguration;
			buildSettings = {
				ASSETCATALOG_COMPILER_APPICON_NAME = AppIcon;
				INFOPLIST_FILE = bigdata/Info.plist;
				LD_RUNPATH_SEARCH_PATHS = "$(inherited) @executable_path/Frameworks";
				PRODUCT_BUNDLE_IDENTIFIER = com.cnsoftnet.try2.bigdata;
				PRODUCT_NAME = "$(TARGET_NAME)";
			};
			name = Release;
		};
/* End XCBuildConfiguration section */

/* Begin XCConfigurationList section */
		F10B5DD11D9BC8B200DDC40B /* Build configuration list for PBXProject "bigdata" */ = {
			isa = XCConfigurationList;
			buildConfigurations = (
				F10B5DEE1D9BC8B300DDC40B /* Debug */,
				F10B5DEF1D9BC8B300DDC40B /* Release */,
			);
			defaultConfigurationIsVisible = 0;
			defaultConfigurationName = Release;
		};
		F10B5DF01D9BC8B300DDC40B /* Build configuration list for PBXNativeTarget "bigdata" */ = {
			isa = XCConfigurationList;
			buildConfigurations = (
				F10B5DF11D9BC8B300DDC40B /* Debug */,
				F10B5DF21D9BC8B300DDC40B /* Release */,
			);
			defaultConfigurationIsVisible = 0;
			defaultConfigurationName = Release;
		};
/* End XCConfigurationList section */

/* Begin XCVersionGroup section */
		F10B5DE51D9BC8B300DDC40B /* bigdata.xcdatamodeld */ = {
			isa = XCVersionGroup;
			children = (
				F10B5DE61D9BC8B300DDC40B /* bigdata.xcdatamodel */,
			);
			currentVersion = F10B5DE61D9BC8B300DDC40B /* bigdata.xcdatamodel */;
			path = bigdata.xcdatamodeld;
			sourceTree = "<group>";
			versionGroupType = wrapper.xcdatamodel;
		};
/* End XCVersionGroup section */
	};
	rootObject = F10B5DCE1D9BC8B200DDC40B /* Project object */;
}
